{
  "name": "ndn-hyper-monitor",
  "version": "1.0.0",
  "lockfileVersion": 3,
  "requires": true,
  "packages": {
    "": {
      "name": "ndn-hyper-monitor",
      "version": "1.0.0",
      "license": "ISC",
      "dependencies": {
        "@ndn/endpoint": "https://ndnts-nightly.ndn.today/endpoint.tgz",
        "@ndn/packet": "https://ndnts-nightly.ndn.today/packet.tgz",
        "@ndn/ws-transport": "https://ndnts-nightly.ndn.today/ws-transport.tgz"
      }
    },
    "node_modules/@ndn/endpoint": {
      "version": "0.0.20230724-nightly-2c18258",
      "resolved": "https://ndnts-nightly.ndn.today/endpoint.tgz",
      "integrity": "sha512-i57fPwkuS66Kb7hMpfzme2BqMtaSzPhJbHwKSdQEIbXxbpHxI2ePdUQilsNizdFN+S0O3Hap1aIiLpk7WQc+xQ==",
      "license": "ISC",
      "dependencies": {
        "@ndn/fw": "https://ndnts-nightly.ndn.today/fw.tgz",
        "@ndn/packet": "https://ndnts-nightly.ndn.today/packet.tgz",
        "@ndn/util": "https://ndnts-nightly.ndn.today/util.tgz",
        "applymixins": "^1.1.0",
        "it-pushable": "^3.2.1",
        "streaming-iterables": "^7.1.0",
        "tslib": "^2.6.0"
      }
    },
    "node_modules/@ndn/fw": {
      "version": "0.0.20230724-nightly-2c18258",
      "resolved": "https://ndnts-nightly.ndn.today/fw.tgz",
      "integrity": "sha512-3J+es9gTp8lL5Z6GYSvwTFJbY1n22I4z3DXoxyBgAiiEaNqYuTbTS9K8d3dFhlsAag/ZnFcpfpF6mGYPz+1q3g==",
      "license": "ISC",
      "dependencies": {
        "@ndn/packet": "https://ndnts-nightly.ndn.today/packet.tgz",
        "@ndn/util": "https://ndnts-nightly.ndn.today/util.tgz",
        "@types/retry": "^0.12.2",
        "hirestime": "^7.0.3",
        "it-pushable": "^3.2.1",
        "mnemonist": "^0.39.5",
        "retry": "^0.13.1",
        "streaming-iterables": "^7.1.0",
        "tslib": "^2.6.0",
        "typescript-event-target": "^1.0.5"
      }
    },
    "node_modules/@ndn/l3face": {
      "version": "0.0.20230724-nightly-2c18258",
      "resolved": "https://ndnts-nightly.ndn.today/l3face.tgz",
      "integrity": "sha512-Nbfb4oi8n+2zWVGhrN55giVnBlHKCYqzYsIr8Y/myVxGCpqnv/U1L+N6KcBejm8BVAC0eZ8ftBDMMjHZjHKBHg==",
      "license": "ISC",
      "dependencies": {
        "@ndn/fw": "https://ndnts-nightly.ndn.today/fw.tgz",
        "@ndn/lp": "https://ndnts-nightly.ndn.today/lp.tgz",
        "@ndn/packet": "https://ndnts-nightly.ndn.today/packet.tgz",
        "@ndn/tlv": "https://ndnts-nightly.ndn.today/tlv.tgz",
        "@ndn/util": "https://ndnts-nightly.ndn.today/util.tgz",
        "abortable-iterator": "^5.0.1",
        "it-pushable": "^3.2.1",
        "p-event": "^6.0.0",
        "retry": "^0.13.1",
        "streaming-iterables": "^7.1.0",
        "tslib": "^2.6.0",
        "typescript-event-target": "^1.0.5"
      }
    },
    "node_modules/@ndn/lp": {
      "version": "0.0.20230724-nightly-2c18258",
      "resolved": "https://ndnts-nightly.ndn.today/lp.tgz",
      "integrity": "sha512-o3lIgJaX626LgME9JY3m/+6qoWTM1oqdD0UW6NUuHeogPvL//3T1NjKbPVxbZ8NWoRerf2/Ia7Rmr64P+iT1Iw==",
      "license": "ISC",
      "dependencies": {
        "@ndn/packet": "https://ndnts-nightly.ndn.today/packet.tgz",
        "@ndn/tlv": "https://ndnts-nightly.ndn.today/tlv.tgz",
        "@ndn/util": "https://ndnts-nightly.ndn.today/util.tgz",
        "it-keepalive": "^1.2.0",
        "tslib": "^2.6.0"
      }
    },
    "node_modules/@ndn/packet": {
      "version": "0.0.20230724-nightly-2c18258",
      "resolved": "https://ndnts-nightly.ndn.today/packet.tgz",
      "integrity": "sha512-JCghRF5Fgq7FDHZUnlhi1w60zpNaPnNju9wh/THIqlUbt/BQ6WJXWqBpXTWEYbcVYcUxP4KTBOQMACwitx4erw==",
      "license": "ISC",
      "dependencies": {
        "@ndn/tlv": "https://ndnts-nightly.ndn.today/tlv.tgz",
        "@ndn/util": "https://ndnts-nightly.ndn.today/util.tgz",
        "buffer-compare": "^1.1.1",
        "mnemonist": "^0.39.5",
        "tslib": "^2.6.0"
      }
    },
    "node_modules/@ndn/tlv": {
      "version": "0.0.20230724-nightly-2c18258",
      "resolved": "https://ndnts-nightly.ndn.today/tlv.tgz",
      "integrity": "sha512-ZtJxJ5/2Ju68lDLFqw9xf6feA/tpwib75A1ymPIT00KIyXC6hct5hT9MRURoZ+Ea4qZ+/Zyjz6JxDrW0EvlPJQ==",
      "license": "ISC",
      "dependencies": {
        "@ndn/util": "https://ndnts-nightly.ndn.today/util.tgz",
        "mnemonist": "^0.39.5",
        "tslib": "^2.6.0"
      }
    },
    "node_modules/@ndn/util": {
      "version": "0.0.20230724-nightly-2c18258",
      "resolved": "https://ndnts-nightly.ndn.today/util.tgz",
      "integrity": "sha512-8dYr3HkRa9ri42B6cFPhbU6g71OHACGTGN8MAziss+vZduALZxjmY9DJXoPGYJgxAE2DuavJ24Ot9W1zUjxzvw==",
      "license": "ISC",
      "dependencies": {
        "@types/minimalistic-assert": "^1.0.1",
        "minimalistic-assert": "^1.0.1",
        "tslib": "^2.6.0"
      },
      "engines": {
        "node": "^16.19.0 || ^18.13.0 || ^20.0.0"
      }
    },
    "node_modules/@ndn/ws-transport": {
      "version": "0.0.20230724-nightly-2c18258",
      "resolved": "https://ndnts-nightly.ndn.today/ws-transport.tgz",
      "integrity": "sha512-ubCbKYcFzJNsDWO8B29WFaWPbbaRz/2irI7UktpzTNeRTHu/vc13MXLJ8NF9hkc9wthXO7fpfRoX0QB1GGGsXA==",
      "license": "ISC",
      "dependencies": {
        "@ndn/l3face": "https://ndnts-nightly.ndn.today/l3face.tgz",
        "@types/ws": "^8.5.5",
        "event-iterator": "^2.0.0",
        "tslib": "^2.6.0",
        "ws": "^8.13.0"
      }
    },
    "node_modules/@types/minimalistic-assert": {
      "version": "1.0.1",
      "resolved": "https://registry.npmjs.org/@types/minimalistic-assert/-/minimalistic-assert-1.0.1.tgz",
      "integrity": "sha512-LjFxDeQtgj+MYOOFuV+BILc/w9ryfxd2eNLF0oJdOBud+xCj80ZAEkAwt6y0qx81QMZ632yAaWdvIMjEK2HcmA=="
    },
    "node_modules/@types/node": {
      "version": "20.4.5",
      "resolved": "https://registry.npmjs.org/@types/node/-/node-20.4.5.tgz",
      "integrity": "sha512-rt40Nk13II9JwQBdeYqmbn2Q6IVTA5uPhvSO+JVqdXw/6/4glI6oR9ezty/A9Hg5u7JH4OmYmuQ+XvjKm0Datg=="
    },
    "node_modules/@types/retry": {
      "version": "0.12.2",
      "resolved": "https://registry.npmjs.org/@types/retry/-/retry-0.12.2.tgz",
      "integrity": "sha512-XISRgDJ2Tc5q4TRqvgJtzsRkFYNJzZrhTdtMoGVBttwzzQJkPnS3WWTFc7kuDRoPtPakl+T+OfdEUjYJj7Jbow=="
    },
    "node_modules/@types/ws": {
      "version": "8.5.5",
      "resolved": "https://registry.npmjs.org/@types/ws/-/ws-8.5.5.tgz",
      "integrity": "sha512-lwhs8hktwxSjf9UaZ9tG5M03PGogvFaH8gUgLNbN9HKIg0dvv6q+gkSuJ8HN4/VbyxkuLzCjlN7GquQ0gUJfIg==",
      "dependencies": {
        "@types/node": "*"
      }
    },
    "node_modules/abortable-iterator": {
      "version": "5.0.1",
      "resolved": "https://registry.npmjs.org/abortable-iterator/-/abortable-iterator-5.0.1.tgz",
      "integrity": "sha512-hlZ5Z8UwqrKsJcelVPEqDduZowJPBQJ9ZhBC2FXpja3lXy8X6MoI5uMzIgmrA8+3jcVnp8TF/tx+IBBqYJNUrg==",
      "dependencies": {
        "get-iterator": "^2.0.0",
        "it-stream-types": "^2.0.1"
      },
      "engines": {
        "node": ">=16.0.0",
        "npm": ">=7.0.0"
      }
    },
    "node_modules/applymixins": {
      "version": "1.1.0",
      "resolved": "https://registry.npmjs.org/applymixins/-/applymixins-1.1.0.tgz",
      "integrity": "sha512-mLvdWWGyCbRJyLC0BJCRu1m/642aVVq3kIwD1MWwmdedkVGwXVrx5D85EhkAtb4NgkCfVTDwacIhTDeX3gu55w=="
    },
    "node_modules/buffer-compare": {
      "version": "1.1.1",
      "resolved": "https://registry.npmjs.org/buffer-compare/-/buffer-compare-1.1.1.tgz",
      "integrity": "sha512-O6NvNiHZMd3mlIeMDjP6t/gPG75OqGPeiRZXoMQZJ6iy9GofCls4Ijs5YkPZZwoysizLiedhticmdyx/GyHghA=="
    },
    "node_modules/event-iterator": {
      "version": "2.0.0",
      "resolved": "https://registry.npmjs.org/event-iterator/-/event-iterator-2.0.0.tgz",
      "integrity": "sha512-KGft0ldl31BZVV//jj+IAIGCxkvvUkkON+ScH6zfoX+l+omX6001ggyRSpI0Io2Hlro0ThXotswCtfzS8UkIiQ=="
    },
    "node_modules/get-iterator": {
      "version": "2.0.0",
      "resolved": "https://registry.npmjs.org/get-iterator/-/get-iterator-2.0.0.tgz",
      "integrity": "sha512-BDJawD5PU2gZv6Vlp8O28H4GnZcsr3h9gZUvnAP5xXP3WOy/QAoOsyMepSkw21jur+4t5Vppde72ChjhTIzxzg=="
    },
    "node_modules/hirestime": {
      "version": "7.0.3",
      "resolved": "https://registry.npmjs.org/hirestime/-/hirestime-7.0.3.tgz",
      "integrity": "sha512-XmjAwwjLJlDjVVljWht/+Pb6vTfs6A0z2ZpaCkVmzEkwiZcO/+lbj1DsxpsDvkVprYHCmNBxTr7tUohdlxG2Hw==",
      "engines": {
        "node": ">=6.0"
      }
    },
    "node_modules/it-keepalive": {
      "version": "1.2.0",
      "resolved": "https://registry.npmjs.org/it-keepalive/-/it-keepalive-1.2.0.tgz",
      "integrity": "sha512-YdV0VcVIkq0i26MFx9JC9tZcRApeJnOaLSDJEaNqJ55RjJHnUpCjPqeFj6An84lrP/Y9iNyHwHhgDOMF7nNbdw==",
      "dependencies": {
        "get-iterator": "^1.0.2"
      }
    },
    "node_modules/it-keepalive/node_modules/get-iterator": {
      "version": "1.0.2",
      "resolved": "https://registry.npmjs.org/get-iterator/-/get-iterator-1.0.2.tgz",
      "integrity": "sha512-v+dm9bNVfOYsY1OrhaCrmyOcYoSeVvbt+hHZ0Au+T+p1y+0Uyj9aMaGIeUTT6xdpRbWzDeYKvfOslPhggQMcsg=="
    },
    "node_modules/it-pushable": {
      "version": "3.2.1",
      "resolved": "https://registry.npmjs.org/it-pushable/-/it-pushable-3.2.1.tgz",
      "integrity": "sha512-sLFz2Q0oyDCJpTciZog7ipP4vSftfPy3e6JnH6YyztRa1XqkpGQaafK3Jw/JlfEBtCXfnX9uVfcpu3xpSAqCVQ==",
      "dependencies": {
        "p-defer": "^4.0.0"
      },
      "engines": {
        "node": ">=16.0.0",
        "npm": ">=7.0.0"
      }
    },
    "node_modules/it-stream-types": {
      "version": "2.0.1",
      "resolved": "https://registry.npmjs.org/it-stream-types/-/it-stream-types-2.0.1.tgz",
      "integrity": "sha512-6DmOs5r7ERDbvS4q8yLKENcj6Yecr7QQTqWApbZdfAUTEC947d+PEha7PCqhm//9oxaLYL7TWRekwhoXl2s6fg==",
      "engines": {
        "node": ">=16.0.0",
        "npm": ">=7.0.0"
      }
    },
    "node_modules/minimalistic-assert": {
      "version": "1.0.1",
      "resolved": "https://registry.npmjs.org/minimalistic-assert/-/minimalistic-assert-1.0.1.tgz",
      "integrity": "sha512-UtJcAD4yEaGtjPezWuO9wC4nwUnVH/8/Im3yEHQP4b67cXlD/Qr9hdITCU1xDbSEXg2XKNaP8jsReV7vQd00/A=="
    },
    "node_modules/mnemonist": {
      "version": "0.39.5",
      "resolved": "https://registry.npmjs.org/mnemonist/-/mnemonist-0.39.5.tgz",
      "integrity": "sha512-FPUtkhtJ0efmEFGpU14x7jGbTB+s18LrzRL2KgoWz9YvcY3cPomz8tih01GbHwnGk/OmkOKfqd/RAQoc8Lm7DQ==",
      "dependencies": {
        "obliterator": "^2.0.1"
      }
    },
    "node_modules/obliterator": {
      "version": "2.0.4",
      "resolved": "https://registry.npmjs.org/obliterator/-/obliterator-2.0.4.tgz",
      "integrity": "sha512-lgHwxlxV1qIg1Eap7LgIeoBWIMFibOjbrYPIPJZcI1mmGAI2m3lNYpK12Y+GBdPQ0U1hRwSord7GIaawz962qQ=="
    },
    "node_modules/p-defer": {
      "version": "4.0.0",
      "resolved": "https://registry.npmjs.org/p-defer/-/p-defer-4.0.0.tgz",
      "integrity": "sha512-Vb3QRvQ0Y5XnF40ZUWW7JfLogicVh/EnA5gBIvKDJoYpeI82+1E3AlB9yOcKFS0AhHrWVnAQO39fbR0G99IVEQ==",
      "engines": {
        "node": ">=12"
      },
      "funding": {
        "url": "https://github.com/sponsors/sindresorhus"
      }
    },
    "node_modules/p-event": {
      "version": "6.0.0",
      "resolved": "https://registry.npmjs.org/p-event/-/p-event-6.0.0.tgz",
      "integrity": "sha512-Xbfxd0CfZmHLGKXH32k1JKjQYX6Rkv0UtQdaFJ8OyNcf+c0oWCeXHc1C4CX/IESZLmcvfPa5aFIO/vCr5gqtag==",
      "dependencies": {
        "p-timeout": "^6.1.2"
      },
      "engines": {
        "node": ">=16.17"
      },
      "funding": {
        "url": "https://github.com/sponsors/sindresorhus"
      }
    },
    "node_modules/p-timeout": {
      "version": "6.1.2",
      "resolved": "https://registry.npmjs.org/p-timeout/-/p-timeout-6.1.2.tgz",
      "integrity": "sha512-UbD77BuZ9Bc9aABo74gfXhNvzC9Tx7SxtHSh1fxvx3jTLLYvmVhiQZZrJzqqU0jKbN32kb5VOKiLEQI/3bIjgQ==",
      "engines": {
        "node": ">=14.16"
      },
      "funding": {
        "url": "https://github.com/sponsors/sindresorhus"
      }
    },
    "node_modules/retry": {
      "version": "0.13.1",
      "resolved": "https://registry.npmjs.org/retry/-/retry-0.13.1.tgz",
      "integrity": "sha512-XQBQ3I8W1Cge0Seh+6gjj03LbmRFWuoszgK9ooCpwYIrhhoO80pfq4cUkU5DkknwfOfFteRwlZ56PYOGYyFWdg==",
      "engines": {
        "node": ">= 4"
      }
    },
    "node_modules/streaming-iterables": {
      "version": "7.1.0",
      "resolved": "https://registry.npmjs.org/streaming-iterables/-/streaming-iterables-7.1.0.tgz",
      "integrity": "sha512-t2KmiLVhqafTRqGefD98s5XAMskfkfprr/BTzPIZz0kWB23iyR7XUkY03yjUf4aZpAuuV2/2SUOVri3LgKuOKw==",
      "engines": {
        "node": ">=14"
      }
    },
    "node_modules/tslib": {
      "version": "2.6.1",
      "resolved": "https://registry.npmjs.org/tslib/-/tslib-2.6.1.tgz",
      "integrity": "sha512-t0hLfiEKfMUoqhG+U1oid7Pva4bbDPHYfJNiB7BiIjRkj1pyC++4N3huJfqY6aRH6VTB0rvtzQwjM4K6qpfOig=="
    },
    "node_modules/typescript-event-target": {
      "version": "1.0.5",
      "resolved": "https://registry.npmjs.org/typescript-event-target/-/typescript-event-target-1.0.5.tgz",
      "integrity": "sha512-XA12H04oaUBcrD7El9L65to5gKe1gcvi5hzgLOez0Fn2EgGRZvPhGXyhnF1GX9YHBM+soY88zQ8IXOsg+cnqTg=="
    },
    "node_modules/ws": {
      "version": "8.13.0",
      "resolved": "https://registry.npmjs.org/ws/-/ws-8.13.0.tgz",
      "integrity": "sha512-x9vcZYTrFPC7aSIbj7sRCYo7L/Xb8Iy+pW0ng0wt2vCJv7M9HOMy0UoN3rr+IFC7hb7vXoqS+P9ktyLLLhO+LA==",
      "engines": {
        "node": ">=10.0.0"
      },
      "peerDependencies": {
        "bufferutil": "^4.0.1",
        "utf-8-validate": ">=5.0.2"
      },
      "peerDependenciesMeta": {
        "bufferutil": {
          "optional": true
        },
        "utf-8-validate": {
          "optional": true
        }
      }
    }
  }
}
